
Microsoft Visual Studio Solution File, Format Version 12.00
# Visual Studio Version 17
VisualStudioVersion = 17.12.35707.178
MinimumVisualStudioVersion = 10.0.40219.1
Project("{FAE04EC0-301F-11D3-BF4B-00C04F79EFBC}") = "PrimoEsercizio", "PrimoEsercizio\PrimoEsercizio.csproj", "{324D5A3A-1E8B-4571-85A5-E7F11B66C959}"
EndProject
Project("{FAE04EC0-301F-11D3-BF4B-00C04F79EFBC}") = "S1L2", "S1L2\S1L2.csproj", "{E3D866D0-3BB1-4E0A-8253-EAD70CA48404}"
EndProject
Project("{FAE04EC0-301F-11D3-BF4B-00C04F79EFBC}") = "ContoCorrente", "ContoCorrente\ContoCorrente.csproj", "{3041D817-2654-4777-9BCD-D0118896E374}"
EndProject
Project("{FAE04EC0-301F-11D3-BF4B-00C04F79EFBC}") = "S1L4", "S1L4\S1L4.csproj", "{639D0F48-57E7-451F-BFF3-0FC92E7F077E}"
EndProject
Project("{FAE04EC0-301F-11D3-BF4B-00C04F79EFBC}") = "S2L1", "S2L1\S2L1.csproj", "{FBEB202E-ADEC-45E7-BC4F-1983FE78890D}"
EndProject
Project("{FAE04EC0-301F-11D3-BF4B-00C04F79EFBC}") = "CV", "CV\CV.csproj", "{2DF21E62-4CA6-44A3-93A0-96F415804A1C}"
EndProject
Global
	GlobalSection(SolutionConfigurationPlatforms) = preSolution
		Debug|Any CPU = Debug|Any CPU
		Release|Any CPU = Release|Any CPU
	EndGlobalSection
	GlobalSection(ProjectConfigurationPlatforms) = postSolution
		{324D5A3A-1E8B-4571-85A5-E7F11B66C959}.Debug|Any CPU.ActiveCfg = Debug|Any CPU
		{324D5A3A-1E8B-4571-85A5-E7F11B66C959}.Debug|Any CPU.Build.0 = Debug|Any CPU
		{324D5A3A-1E8B-4571-85A5-E7F11B66C959}.Release|Any CPU.ActiveCfg = Release|Any CPU
		{324D5A3A-1E8B-4571-85A5-E7F11B66C959}.Release|Any CPU.Build.0 = Release|Any CPU
		{E3D866D0-3BB1-4E0A-8253-EAD70CA48404}.Debug|Any CPU.ActiveCfg = Debug|Any CPU
		{E3D866D0-3BB1-4E0A-8253-EAD70CA48404}.Debug|Any CPU.Build.0 = Debug|Any CPU
		{E3D866D0-3BB1-4E0A-8253-EAD70CA48404}.Release|Any CPU.ActiveCfg = Release|Any CPU
		{E3D866D0-3BB1-4E0A-8253-EAD70CA48404}.Release|Any CPU.Build.0 = Release|Any CPU
		{3041D817-2654-4777-9BCD-D0118896E374}.Debug|Any CPU.ActiveCfg = Debug|Any CPU
		{3041D817-2654-4777-9BCD-D0118896E374}.Debug|Any CPU.Build.0 = Debug|Any CPU
		{3041D817-2654-4777-9BCD-D0118896E374}.Release|Any CPU.ActiveCfg = Release|Any CPU
		{3041D817-2654-4777-9BCD-D0118896E374}.Release|Any CPU.Build.0 = Release|Any CPU
		{639D0F48-57E7-451F-BFF3-0FC92E7F077E}.Debug|Any CPU.ActiveCfg = Debug|Any CPU
		{639D0F48-57E7-451F-BFF3-0FC92E7F077E}.Debug|Any CPU.Build.0 = Debug|Any CPU
		{639D0F48-57E7-451F-BFF3-0FC92E7F077E}.Release|Any CPU.ActiveCfg = Release|Any CPU
		{639D0F48-57E7-451F-BFF3-0FC92E7F077E}.Release|Any CPU.Build.0 = Release|Any CPU
		{FBEB202E-ADEC-45E7-BC4F-1983FE78890D}.Debug|Any CPU.ActiveCfg = Debug|Any CPU
		{FBEB202E-ADEC-45E7-BC4F-1983FE78890D}.Debug|Any CPU.Build.0 = Debug|Any CPU
		{FBEB202E-ADEC-45E7-BC4F-1983FE78890D}.Release|Any CPU.ActiveCfg = Release|Any CPU
		{FBEB202E-ADEC-45E7-BC4F-1983FE78890D}.Release|Any CPU.Build.0 = Release|Any CPU
		{2DF21E62-4CA6-44A3-93A0-96F415804A1C}.Debug|Any CPU.ActiveCfg = Debug|Any CPU
		{2DF21E62-4CA6-44A3-93A0-96F415804A1C}.Debug|Any CPU.Build.0 = Debug|Any CPU
		{2DF21E62-4CA6-44A3-93A0-96F415804A1C}.Release|Any CPU.ActiveCfg = Release|Any CPU
		{2DF21E62-4CA6-44A3-93A0-96F415804A1C}.Release|Any CPU.Build.0 = Release|Any CPU
	EndGlobalSection
	GlobalSection(SolutionProperties) = preSolution
		HideSolutionNode = FALSE
	EndGlobalSection
	GlobalSection(ExtensibilityGlobals) = postSolution
		SolutionGuid = {B2CD9F02-39EC-438A-B21A-649D63FD0645}
	EndGlobalSection
EndGlobal
